github.com/bowman2001/perplex v0.20.4 h1:cm7LkkP6gMt1Xg5/3MtozFvtPC49szwK+hetLMytZV0=
github.com/bowman2001/perplex v0.20.4/go.mod h1:2T38M1KBbfEZqJYNVLS0AuHByLTPsE0lGi+6nqj6/jA=
github.com/bowman2001/perplex v0.20.5-0.20240716163357-c88d43ee621b h1:B2h6DSS9M8d3Ga7egFKHRHJ/pJB0bjKYqQP/D/bxGUM=
github.com/bowman2001/perplex v0.20.5-0.20240716163357-c88d43ee621b/go.mod h1:2T38M1KBbfEZqJYNVLS0AuHByLTPsE0lGi+6nqj6/jA=
